
Microsoft Visual Studio Solution File, Format Version 12.00
# Visual Studio Version 17
VisualStudioVersion = 17.13.35818.85 d17.13
MinimumVisualStudioVersion = 10.0.40219.1
Project("{FAE04EC0-301F-11D3-BF4B-00C04F79EFBC}") = "Proect_7", "Proect_7\Proect_7.csproj", "{385A734F-D3A1-4EE0-BB34-C382610FCD6E}"
EndProject
Global
	GlobalSection(SolutionConfigurationPlatforms) = preSolution
		Debug|Any CPU = Debug|Any CPU
		Release|Any CPU = Release|Any CPU
	EndGlobalSection
	GlobalSection(ProjectConfigurationPlatforms) = postSolution
		{385A734F-D3A1-4EE0-BB34-C382610FCD6E}.Debug|Any CPU.ActiveCfg = Debug|Any CPU
		{385A734F-D3A1-4EE0-BB34-C382610FCD6E}.Debug|Any CPU.Build.0 = Debug|Any CPU
		{385A734F-D3A1-4EE0-BB34-C382610FCD6E}.Release|Any CPU.ActiveCfg = Release|Any CPU
		{385A734F-D3A1-4EE0-BB34-C382610FCD6E}.Release|Any CPU.Build.0 = Release|Any CPU
	EndGlobalSection
	GlobalSection(SolutionProperties) = preSolution
		HideSolutionNode = FALSE
	EndGlobalSection
	GlobalSection(ExtensibilityGlobals) = postSolution
		SolutionGuid = {A8CED92F-F475-44A9-ACD5-CFFF83CFCA26}
	EndGlobalSection
EndGlobal
